
Microsoft Visual Studio Solution File, Format Version 12.00
# Visual Studio Version 16
VisualStudioVersion = 16.0.29009.5
MinimumVisualStudioVersion = 10.0.40219.1
Project("{FAE04EC0-301F-11D3-BF4B-00C04F79EFBC}") = "NDMS.WebAPI", "NDMS.WebAPI\NDMS.WebAPI.csproj", "{426C1D6E-63DF-40EA-9D5A-BA70A631C1E3}"
EndProject
Project("{FAE04EC0-301F-11D3-BF4B-00C04F79EFBC}") = "NDMS.Repositories", "NDMS.Repositories\NDMS.Repositories.csproj", "{5B7FEC61-0599-48B0-86AF-4943D35291C2}"
EndProject
Project("{FAE04EC0-301F-11D3-BF4B-00C04F79EFBC}") = "NDMS.Services", "NDMS.Services\NDMS.Services.csproj", "{9F8CF1CA-6103-4E71-818C-566F58929CEF}"
EndProject
Project("{FAE04EC0-301F-11D3-BF4B-00C04F79EFBC}") = "NDMS.Core", "NDMS.Core\NDMS.Core.csproj", "{08B61EEF-B2CE-4322-9D6F-6E2839684140}"
EndProject
Project("{FAE04EC0-301F-11D3-BF4B-00C04F79EFBC}") = "NDMS", "NDMS\NDMS.csproj", "{8F354994-D186-48CB-A1F2-E4F92113629B}"
EndProject
Global
	GlobalSection(SolutionConfigurationPlatforms) = preSolution
		Debug|Any CPU = Debug|Any CPU
		Release|Any CPU = Release|Any CPU
	EndGlobalSection
	GlobalSection(ProjectConfigurationPlatforms) = postSolution
		{426C1D6E-63DF-40EA-9D5A-BA70A631C1E3}.Debug|Any CPU.ActiveCfg = Debug|Any CPU
		{426C1D6E-63DF-40EA-9D5A-BA70A631C1E3}.Debug|Any CPU.Build.0 = Debug|Any CPU
		{426C1D6E-63DF-40EA-9D5A-BA70A631C1E3}.Release|Any CPU.ActiveCfg = Release|Any CPU
		{426C1D6E-63DF-40EA-9D5A-BA70A631C1E3}.Release|Any CPU.Build.0 = Release|Any CPU
		{5B7FEC61-0599-48B0-86AF-4943D35291C2}.Debug|Any CPU.ActiveCfg = Debug|Any CPU
		{5B7FEC61-0599-48B0-86AF-4943D35291C2}.Debug|Any CPU.Build.0 = Debug|Any CPU
		{5B7FEC61-0599-48B0-86AF-4943D35291C2}.Release|Any CPU.ActiveCfg = Release|Any CPU
		{5B7FEC61-0599-48B0-86AF-4943D35291C2}.Release|Any CPU.Build.0 = Release|Any CPU
		{9F8CF1CA-6103-4E71-818C-566F58929CEF}.Debug|Any CPU.ActiveCfg = Debug|Any CPU
		{9F8CF1CA-6103-4E71-818C-566F58929CEF}.Debug|Any CPU.Build.0 = Debug|Any CPU
		{9F8CF1CA-6103-4E71-818C-566F58929CEF}.Release|Any CPU.ActiveCfg = Release|Any CPU
		{9F8CF1CA-6103-4E71-818C-566F58929CEF}.Release|Any CPU.Build.0 = Release|Any CPU
		{08B61EEF-B2CE-4322-9D6F-6E2839684140}.Debug|Any CPU.ActiveCfg = Debug|Any CPU
		{08B61EEF-B2CE-4322-9D6F-6E2839684140}.Debug|Any CPU.Build.0 = Debug|Any CPU
		{08B61EEF-B2CE-4322-9D6F-6E2839684140}.Release|Any CPU.ActiveCfg = Release|Any CPU
		{08B61EEF-B2CE-4322-9D6F-6E2839684140}.Release|Any CPU.Build.0 = Release|Any CPU
		{8F354994-D186-48CB-A1F2-E4F92113629B}.Debug|Any CPU.ActiveCfg = Debug|Any CPU
		{8F354994-D186-48CB-A1F2-E4F92113629B}.Debug|Any CPU.Build.0 = Debug|Any CPU
		{8F354994-D186-48CB-A1F2-E4F92113629B}.Release|Any CPU.ActiveCfg = Release|Any CPU
		{8F354994-D186-48CB-A1F2-E4F92113629B}.Release|Any CPU.Build.0 = Release|Any CPU
	EndGlobalSection
	GlobalSection(SolutionProperties) = preSolution
		HideSolutionNode = FALSE
	EndGlobalSection
	GlobalSection(ExtensibilityGlobals) = postSolution
		SolutionGuid = {753DBF86-57E8-48CB-B84A-ADFFEA5EF821}
	EndGlobalSection
EndGlobal
